
Microsoft Visual Studio Solution File, Format Version 12.00
# Visual Studio Version 17
VisualStudioVersion = 17.9.34607.119
MinimumVisualStudioVersion = 10.0.40219.1
Project("{FAE04EC0-301F-11D3-BF4B-00C04F79EFBC}") = "Classwork_16.02.24(auth&authorization)_2", "Classwork_16.02.24(auth&authorization)_2.csproj", "{BE2F20A5-E8E4-454A-8CBF-88F86272B5CA}"
EndProject
Global
	GlobalSection(SolutionConfigurationPlatforms) = preSolution
		Debug|Any CPU = Debug|Any CPU
		Release|Any CPU = Release|Any CPU
	EndGlobalSection
	GlobalSection(ProjectConfigurationPlatforms) = postSolution
		{BE2F20A5-E8E4-454A-8CBF-88F86272B5CA}.Debug|Any CPU.ActiveCfg = Debug|Any CPU
		{BE2F20A5-E8E4-454A-8CBF-88F86272B5CA}.Debug|Any CPU.Build.0 = Debug|Any CPU
		{BE2F20A5-E8E4-454A-8CBF-88F86272B5CA}.Release|Any CPU.ActiveCfg = Release|Any CPU
		{BE2F20A5-E8E4-454A-8CBF-88F86272B5CA}.Release|Any CPU.Build.0 = Release|Any CPU
	EndGlobalSection
	GlobalSection(SolutionProperties) = preSolution
		HideSolutionNode = FALSE
	EndGlobalSection
	GlobalSection(ExtensibilityGlobals) = postSolution
		SolutionGuid = {8D104A4B-6123-40FE-926A-F1A033F7B257}
	EndGlobalSection
EndGlobal
